// !$*UTF8*$!
{
	archiveVersion = 1;
	classes = {
	};
	objectVersion = 46;
	objects = {

/* Begin PBXBuildFile section */
		5411515F1DB6186A0041E76B /* AppDelegate.swift in Sources */ = {isa = PBXBuildFile; fileRef = 5411515E1DB6186A0041E76B /* AppDelegate.swift */; };
		541151611DB6186A0041E76B /* ViewController.swift in Sources */ = {isa = PBXBuildFile; fileRef = 541151601DB6186A0041E76B /* ViewController.swift */; };
		541151641DB6186A0041E76B /* Main.storyboard in Resources */ = {isa = PBXBuildFile; fileRef = 541151621DB6186A0041E76B /* Main.storyboard */; };
		541151661DB6186A0041E76B /* Assets.xcassets in Resources */ = {isa = PBXBuildFile; fileRef = 541151651DB6186A0041E76B /* Assets.xcassets */; };
		541151691DB6186A0041E76B /* LaunchScreen.storyboard in Resources */ = {isa = PBXBuildFile; fileRef = 541151671DB6186A0041E76B /* LaunchScreen.storyboard */; };
/* End PBXBuildFile section */

/* Begin PBXFileReference section */
		5411515B1DB6186A0041E76B /* FoodRound.app */ = {isa = PBXFileReference; explicitFileType = wrapper.application; includeInIndex = 0; path = FoodRound.app; sourceTree = BUILT_PRODUCTS_DIR; };
		5411515E1DB6186A0041E76B /* AppDelegate.swift */ = {isa = PBXFileReference; lastKnownFileType = sourcecode.swift; path = AppDelegate.swift; sourceTree = "<group>"; };
		541151601DB6186A0041E76B /* ViewController.swift */ = {isa = PBXFileReference; lastKnownFileType = sourcecode.swift; path = ViewController.swift; sourceTree = "<group>"; };
		541151631DB6186A0041E76B /* Base */ = {isa = PBXFileReference; lastKnownFileType = file.storyboard; name = Base; path = Base.lproj/Main.storyboard; sourceTree = "<group>"; };
		541151651DB6186A0041E76B /* Assets.xcassets */ = {isa = PBXFileReference; lastKnownFileType = folder.assetcatalog; path = Assets.xcassets; sourceTree = "<group>"; };
		541151681DB6186A0041E76B /* Base */ = {isa = PBXFileReference; lastKnownFileType = file.storyboard; name = Base; path = Base.lproj/LaunchScreen.storyboard; sourceTree = "<group>"; };
		5411516A1DB6186A0041E76B /* Info.plist */ = {isa = PBXFileReference; lastKnownFileType = text.plist.xml; path = Info.plist; sourceTree = "<group>"; };
/* End PBXFileReference section */

/* Begin PBXFrameworksBuildPhase section */
		541151581DB6186A0041E76B /* Frameworks */ = {
			isa = PBXFrameworksBuildPhase;
			buildActionMask = 2147483647;
			files = (
			);
			runOnlyForDeploymentPostprocessing = 0;
		};
/* End PBXFrameworksBuildPhase section */

/* Begin PBXGroup section */
		541151521DB6186A0041E76B = {
			isa = PBXGroup;
			children = (
				5411515D1DB6186A0041E76B /* FoodRound */,
				5411515C1DB6186A0041E76B /* Products */,
			);
			sourceTree = "<group>";
		};
		5411515C1DB6186A0041E76B /* Products */ = {
			isa = PBXGroup;
			children = (
				5411515B1DB6186A0041E76B /* FoodRound.app */,
			);
			name = Products;
			sourceTree = "<group>";
		};
		5411515D1DB6186A0041E76B /* FoodRound */ = {
			isa = PBXGroup;
			children = (
				5411515E1DB6186A0041E76B /* AppDelegate.swift */,
				541151601DB6186A0041E76B /* ViewController.swift */,
				541151621DB6186A0041E76B /* Main.storyboard */,
				541151651DB6186A0041E76B /* Assets.xcassets */,
				541151671DB6186A0041E76B /* LaunchScreen.storyboard */,
				5411516A1DB6186A0041E76B /* Info.plist */,
			);
			path = FoodRound;
			sourceTree = "<group>";
		};
/* End PBXGroup section */

/* Begin PBXNativeTarget section */
		5411515A1DB6186A0041E76B /* FoodRound */ = {
			isa = PBXNativeTarget;
			buildConfigurationList = 5411516D1DB6186A0041E76B /* Build configuration list for PBXNativeTarget "FoodRound" */;
			buildPhases = (
				541151571DB6186A0041E76B /* Sources */,
				541151581DB6186A0041E76B /* Frameworks */,
				541151591DB6186A0041E76B /* Resources */,
			);
			buildRules = (
			);
			dependencies = (
			);
			name = FoodRound;
			productName = FoodRound;
			productReference = 5411515B1DB6186A0041E76B /* FoodRound.app */;
			productType = "com.apple.product-type.application";
		};
/* End PBXNativeTarget section */

/* Begin PBXProject section */
		541151531DB6186A0041E76B /* Project object */ = {
			isa = PBXProject;
			attributes = {
				LastSwiftUpdateCheck = 0800;
				LastUpgradeCheck = 0800;
				ORGANIZATIONNAME = "Chang sean";
				TargetAttributes = {
					5411515A1DB6186A0041E76B = {
						CreatedOnToolsVersion = 8.0;
						DevelopmentTeam = 88X7Y2S7CR;
						ProvisioningStyle = Automatic;
					};
				};
			};
			buildConfigurationList = 541151561DB6186A0041E76B /* Build configuration list for PBXProject "FoodRound" */;
			compatibilityVersion = "Xcode 3.2";
			developmentRegion = English;
			hasScannedForEncodings = 0;
			knownRegions = (
				en,
				Base,
			);
			mainGroup = 541151521DB6186A0041E76B;
			productRefGroup = 5411515C1DB6186A0041E76B /* Products */;
			projectDirPath = "";
			projectRoot = "";
			targets = (
				5411515A1DB6186A0041E76B /* FoodRound */,
			);
		};
/* End PBXProject section */

/* Begin PBXResourcesBuildPhase section */
		541151591DB6186A0041E76B /* Resources */ = {
			isa = PBXResourcesBuildPhase;
			buildActionMask = 2147483647;
			files = (
				541151691DB6186A0041E76B /* LaunchScreen.storyboard in Resources */,
				541151661DB6186A0041E76B /* Assets.xcassets in Resources */,
				541151641DB6186A0041E76B /* Main.storyboard in Resources */,
			);
			runOnlyForDeploymentPostprocessing = 0;
		};
/* End PBXResourcesBuildPhase section */

/* Begin PBXSourcesBuildPhase section */
		541151571DB6186A0041E76B /* Sources */ = {
			isa = PBXSourcesBuildPhase;
			buildActionMask = 2147483647;
			files = (
				541151611DB6186A0041E76B /* ViewController.swift in Sources */,
				5411515F1DB6186A0041E76B /* AppDelegate.swift in Sources */,
			);
			runOnlyForDeploymentPostprocessing = 0;
		};
/* End PBXSourcesBuildPhase section */

/* Begin PBXVariantGroup section */
		541151621DB6186A0041E76B /* Main.storyboard */ = {
			isa = PBXVariantGroup;
			children = (
				541151631DB6186A0041E76B /* Base */,
			);
			name = Main.storyboard;
			sourceTree = "<group>";
		};
		541151671DB6186A0041E76B /* LaunchScreen.storyboard */ = {
			isa = PBXVariantGroup;
			children = (
				541151681DB6186A0041E76B /* Base */,
			);
			name = LaunchScreen.storyboard;
			sourceTree = "<group>";
		};
/* End PBXVariantGroup section */

/* Begin XCBuildConfiguration section */
		5411516B1DB6186A0041E76B /* Debug */ = {
			isa = XCBuildConfiguration;
			buildSettings = {
				ALWAYS_SEARCH_USER_PATHS = NO;
				CLANG_ANALYZER_NONNULL = YES;
				CLANG_CXX_LANGUAGE_STANDARD = "gnu++0x";
				CLANG_CXX_LIBRARY = "libc++";
				CLANG_ENABLE_MODULES = YES;
				CLANG_ENABLE_OBJC_ARC = YES;
				CLANG_WARN_BOOL_CONVERSION = YES;
				CLANG_WARN_CONSTANT_CONVERSION = YES;
				CLANG_WARN_DIRECT_OBJC_ISA_USAGE = YES_ERROR;
				CLANG_WARN_DOCUMENTATION_COMMENTS = YES;
				CLANG_WARN_EMPTY_BODY = YES;
				CLANG_WARN_ENUM_CONVERSION = YES;
				CLANG_WARN_INFINITE_RECURSION = YES;
				CLANG_WARN_INT_CONVERSION = YES;
				CLANG_WARN_OBJC_ROOT_CLASS = YES_ERROR;
				CLANG_WARN_SUSPICIOUS_MOVES = YES;
				CLANG_WARN_UNREACHABLE_CODE = YES;
				CLANG_WARN__DUPLICATE_METHOD_MATCH = YES;
				"CODE_SIGN_IDENTITY[sdk=iphoneos*]" = "iPhone Developer";
				COPY_PHASE_STRIP = NO;
				DEBUG_INFORMATION_FORMAT = dwarf;
				ENABLE_STRICT_OBJC_MSGSEND = YES;
				ENABLE_TESTABILITY = YES;
				GCC_C_LANGUAGE_STANDARD = gnu99;
				GCC_DYNAMIC_NO_PIC = NO;
				GCC_NO_COMMON_BLOCKS = YES;
				GCC_OPTIMIZATION_LEVEL = 0;
				GCC_PREPROCESSOR_DEFINITIONS = (
					"DEBUG=1",
					"$(inherited)",
				);
				GCC_WARN_64_TO_32_BIT_CONVERSION = YES;
				GCC_WARN_ABOUT_RETURN_TYPE = YES_ERROR;
				GCC_WARN_UNDECLARED_SELECTOR = YES;
				GCC_WARN_UNINITIALIZED_AUTOS = YES_AGGRESSIVE;
				GCC_WARN_UNUSED_FUNCTION = YES;
				GCC_WARN_UNUSED_VARIABLE = YES;
				IPHONEOS_DEPLOYMENT_TARGET = 10.0;
				MTL_ENABLE_DEBUG_INFO = YES;
				ONLY_ACTIVE_ARCH = YES;
				SDKROOT = iphoneos;
				SWIFT_ACTIVE_COMPILATION_CONDITIONS = DEBUG;
				SWIFT_OPTIMIZATION_LEVEL = "-Onone";
			};
			name = Debug;
		};
		5411516C1DB6186A0041E76B /* Release */ = {
			isa = XCBuildConfiguration;
			buildSettings = {
				ALWAYS_SEARCH_USER_PATHS = NO;
				CLANG_ANALYZER_NONNULL = YES;
				CLANG_CXX_LANGUAGE_STANDARD = "gnu++0x";
				CLANG_CXX_LIBRARY = "libc++";
				CLANG_ENABLE_MODULES = YES;
				CLANG_ENABLE_OBJC_ARC = YES;
				CLANG_WARN_BOOL_CONVERSION = YES;
				CLANG_WARN_CONSTANT_CONVERSION = YES;
				CLANG_WARN_DIRECT_OBJC_ISA_USAGE = YES_ERROR;
				CLANG_WARN_DOCUMENTATION_COMMENTS = YES;
				CLANG_WARN_EMPTY_BODY = YES;
				CLANG_WARN_ENUM_CONVERSION = YES;
				CLANG_WARN_INFINITE_RECURSION = YES;
				CLANG_WARN_INT_CONVERSION = YES;
				CLANG_WARN_OBJC_ROOT_CLASS = YES_ERROR;
				CLANG_WARN_SUSPICIOUS_MOVES = YES;
				CLANG_WARN_UNREACHABLE_CODE = YES;
				CLANG_WARN__DUPLICATE_METHOD_MATCH = YES;
				"CODE_SIGN_IDENTITY[sdk=iphoneos*]" = "iPhone Developer";
				COPY_PHASE_STRIP = NO;
				DEBUG_INFORMATION_FORMAT = "dwarf-with-dsym";
				ENABLE_NS_ASSERTIONS = NO;
				ENABLE_STRICT_OBJC_MSGSEND = YES;
				GCC_C_LANGUAGE_STANDARD = gnu99;
				GCC_NO_COMMON_BLOCKS = YES;
				GCC_WARN_64_TO_32_BIT_CONVERSION = YES;
				GCC_WARN_ABOUT_RETURN_TYPE = YES_ERROR;
				GCC_WARN_UNDECLARED_SELECTOR = YES;
				GCC_WARN_UNINITIALIZED_AUTOS = YES_AGGRESSIVE;
				GCC_WARN_UNUSED_FUNCTION = YES;
				GCC_WARN_UNUSED_VARIABLE = YES;
				IPHONEOS_DEPLOYMENT_TARGET = 10.0;
				MTL_ENABLE_DEBUG_INFO = NO;
				SDKROOT = iphoneos;
				SWIFT_OPTIMIZATION_LEVEL = "-Owholemodule";
				VALIDATE_PRODUCT = YES;
			};
			name = Release;
		};
		5411516E1DB6186A0041E76B /* Debug */ = {
			isa = XCBuildConfiguration;
			buildSettings = {
				ASSETCATALOG_COMPILER_APPICON_NAME = AppIcon;
				DEVELOPMENT_TEAM = 88X7Y2S7CR;
				INFOPLIST_FILE = FoodRound/Info.plist;
				LD_RUNPATH_SEARCH_PATHS = "$(inherited) @executable_path/Frameworks";
				PRODUCT_BUNDLE_IDENTIFIER = com.sean.FoodRound;
				PRODUCT_NAME = "$(TARGET_NAME)";
				SWIFT_VERSION = 3.0;
			};
			name = Debug;
		};
		5411516F1DB6186A0041E76B /* Release */ = {
			isa = XCBuildConfiguration;
			buildSettings = {
				ASSETCATALOG_COMPILER_APPICON_NAME = AppIcon;
				DEVELOPMENT_TEAM = 88X7Y2S7CR;
				INFOPLIST_FILE = FoodRound/Info.plist;
				LD_RUNPATH_SEARCH_PATHS = "$(inherited) @executable_path/Frameworks";
				PRODUCT_BUNDLE_IDENTIFIER = com.sean.FoodRound;
				PRODUCT_NAME = "$(TARGET_NAME)";
				SWIFT_VERSION = 3.0;
			};
			name = Release;
		};
/* End XCBuildConfiguration section */

/* Begin XCConfigurationList section */
		541151561DB6186A0041E76B /* Build configuration list for PBXProject "FoodRound" */ = {
			isa = XCConfigurationList;
			buildConfigurations = (
				5411516B1DB6186A0041E76B /* Debug */,
				5411516C1DB6186A0041E76B /* Release */,
			);
			defaultConfigurationIsVisible = 0;
			defaultConfigurationName = Release;
		};
		5411516D1DB6186A0041E76B /* Build configuration list for PBXNativeTarget "FoodRound" */ = {
			isa = XCConfigurationList;
			buildConfigurations = (
				5411516E1DB6186A0041E76B /* Debug */,
				5411516F1DB6186A0041E76B /* Release */,
			);
			defaultConfigurationIsVisible = 0;
		};
/* End XCConfigurationList section */
	};
	rootObject = 541151531DB6186A0041E76B /* Project object */;
}
